
Microsoft Visual Studio Solution File, Format Version 12.00
# Visual Studio Version 17
VisualStudioVersion = 17.7.34302.85
MinimumVisualStudioVersion = 10.0.40219.1
Project("{9A19103F-16F7-4668-BE54-9A1E7A4F7556}") = "MsgExtMultiParamCSharp", "MsgExtMultiParamCSharp.csproj", "{4EFFD7FA-BEED-41DF-ABE1-EB76484E063A}"
EndProject
Global
	GlobalSection(SolutionConfigurationPlatforms) = preSolution
		Debug|Any CPU = Debug|Any CPU
		Release|Any CPU = Release|Any CPU
	EndGlobalSection
	GlobalSection(ProjectConfigurationPlatforms) = postSolution
		{4EFFD7FA-BEED-41DF-ABE1-EB76484E063A}.Debug|Any CPU.ActiveCfg = Debug|Any CPU
		{4EFFD7FA-BEED-41DF-ABE1-EB76484E063A}.Debug|Any CPU.Build.0 = Debug|Any CPU
		{4EFFD7FA-BEED-41DF-ABE1-EB76484E063A}.Debug|Any CPU.Deploy.0 = Debug|Any CPU
		{4EFFD7FA-BEED-41DF-ABE1-EB76484E063A}.Release|Any CPU.ActiveCfg = Release|Any CPU
		{4EFFD7FA-BEED-41DF-ABE1-EB76484E063A}.Release|Any CPU.Build.0 = Release|Any CPU
		{4EFFD7FA-BEED-41DF-ABE1-EB76484E063A}.Release|Any CPU.Deploy.0 = Release|Any CPU
	EndGlobalSection
	GlobalSection(SolutionProperties) = preSolution
		HideSolutionNode = FALSE
	EndGlobalSection
	GlobalSection(ExtensibilityGlobals) = postSolution
		SolutionGuid = {F33742EF-B963-4788-91E1-D7D53F1A47A9}
	EndGlobalSection
EndGlobal
