
Microsoft Visual Studio Solution File, Format Version 12.00
# Visual Studio Version 17
VisualStudioVersion = 17.7.34302.85
MinimumVisualStudioVersion = 10.0.40219.1
Project("{9A19103F-16F7-4668-BE54-9A1E7A4F7556}") = "MsgExtProductSupportSSOCSharp", "MsgExtProductSupportSSOCSharp.csproj", "{5F3AF147-9369-4AA9-941C-525FD5B137AA}"
EndProject
Global
	GlobalSection(SolutionConfigurationPlatforms) = preSolution
		Debug|Any CPU = Debug|Any CPU
		Release|Any CPU = Release|Any CPU
	EndGlobalSection
	GlobalSection(ProjectConfigurationPlatforms) = postSolution
		{5F3AF147-9369-4AA9-941C-525FD5B137AA}.Debug|Any CPU.ActiveCfg = Debug|Any CPU
		{5F3AF147-9369-4AA9-941C-525FD5B137AA}.Debug|Any CPU.Build.0 = Debug|Any CPU
		{5F3AF147-9369-4AA9-941C-525FD5B137AA}.Debug|Any CPU.Deploy.0 = Debug|Any CPU
		{5F3AF147-9369-4AA9-941C-525FD5B137AA}.Release|Any CPU.ActiveCfg = Release|Any CPU
		{5F3AF147-9369-4AA9-941C-525FD5B137AA}.Release|Any CPU.Build.0 = Release|Any CPU
		{5F3AF147-9369-4AA9-941C-525FD5B137AA}.Release|Any CPU.Deploy.0 = Release|Any CPU
	EndGlobalSection
	GlobalSection(SolutionProperties) = preSolution
		HideSolutionNode = FALSE
	EndGlobalSection
	GlobalSection(ExtensibilityGlobals) = postSolution
		SolutionGuid = {D2EB50C3-F96C-4465-BB19-74294C819400}
	EndGlobalSection
EndGlobal
